
Microsoft Visual Studio Solution File, Format Version 12.00
# Visual Studio Version 17
VisualStudioVersion = 17.7.34024.191
MinimumVisualStudioVersion = 10.0.40219.1
Project("{2150E333-8FDC-42A3-9474-1A3956D46DE8}") = "Task0", "Task0", "{27432282-9D2E-4519-9DD7-DD5F1B25CFE1}"
EndProject
Project("{2150E333-8FDC-42A3-9474-1A3956D46DE8}") = "Task1", "Task1", "{1C108801-FB09-43DA-A3A9-6D523DAA65CF}"
EndProject
Project("{8BC9CEB8-8B4A-11D0-8D11-00A0C91BC942}") = "Tyuiu.VevurYA.Sprint0.Task1.V0", "Tyuiu.VevurYA.Sprint0.Task1.V0\Tyuiu.VevurYA.Sprint0.Task1.V0.vcxproj", "{77266ECC-88FC-41E9-872B-B8E548EAC195}"
EndProject
Project("{2150E333-8FDC-42A3-9474-1A3956D46DE8}") = "Task2", "Task2", "{FBA1C44E-1D4B-4528-AEB0-01D9CA3796D5}"
EndProject
Project("{8BC9CEB8-8B4A-11D0-8D11-00A0C91BC942}") = "Tyuiu.VevurYA.Sprint0.Task2.V0", "Tyuiu.VevurYA.Sprint0.Task2.V0\Tyuiu.VevurYA.Sprint0.Task2.V0.vcxproj", "{101C716C-656B-49BC-B80C-062F3D9099F3}"
EndProject
Project("{8BC9CEB8-8B4A-11D0-8D11-00A0C91BC942}") = "Tyuiu.VevurYA.Sprint0.Task2.V0.Lib", "Tyuiu.VevurYA.Sprint0.Task2.V0.Lib\Tyuiu.VevurYA.Sprint0.Task2.V0.Lib.vcxproj", "{04AC3979-13E6-468B-8675-310421833B66}"
EndProject
Project("{8BC9CEB8-8B4A-11D0-8D11-00A0C91BC942}") = "Tyuiu.VevurYA.Sprint0.Task2.V0.Test", "Tyuiu.VevurYA.Sprint0.Task2.V0.Test\Tyuiu.VevurYA.Sprint0.Task2.V0.Test.vcxproj", "{37D4B237-81AE-4854-8FA7-8658FC0B2B67}"
EndProject
Project("{2150E333-8FDC-42A3-9474-1A3956D46DE8}") = "Task3", "Task3", "{15BE2C6C-D619-4B2C-B1D7-2FCF969A0365}"
EndProject
Project("{8BC9CEB8-8B4A-11D0-8D11-00A0C91BC942}") = "Tyuiu.VevurYA.Sprint0.Task3.V0", "Tyuiu.VevurYA.Sprint0.Task3.V0\Tyuiu.VevurYA.Sprint0.Task3.V0.vcxproj", "{054EB985-BF68-48D1-A84C-AA3AFFDF1340}"
EndProject
Project("{8BC9CEB8-8B4A-11D0-8D11-00A0C91BC942}") = "Tyuiu.VevurYA.Sprint0.Task3.V0.Lib", "Tyuiu.VevurYA.Sprint0.Task3.V0.Lib\Tyuiu.VevurYA.Sprint0.Task3.V0.Lib.vcxproj", "{A4562F27-5B70-4BA5-9F62-FAF57286F02E}"
EndProject
Project("{8BC9CEB8-8B4A-11D0-8D11-00A0C91BC942}") = "Tyuiu.VevurYA.Sprint0.Task3.V0.Test", "Tyuiu.VevurYA.Sprint0.Task3.V0.Test\Tyuiu.VevurYA.Sprint0.Task3.V0.Test.vcxproj", "{DD97033E-F870-47F3-BDA2-06F835BF7915}"
EndProject
Project("{8BC9CEB8-8B4A-11D0-8D11-00A0C91BC942}") = "Tyuiu.VevurYA.Sprint0.Task0.V0", "Tyuiu.VevurYA.Sprint0.Task0.V0\Tyuiu.VevurYA.Sprint0.Task0.V0.vcxproj", "{C8BE37A6-2591-4525-8DF5-039CBC553853}"
EndProject
Project("{2150E333-8FDC-42A3-9474-1A3956D46DE8}") = "Task4", "Task4", "{75B5A80B-C13E-4824-8DCA-E0C2B33BAF4B}"
EndProject
Project("{2150E333-8FDC-42A3-9474-1A3956D46DE8}") = "Task5", "Task5", "{426445FC-B098-4BBA-8909-5FBAA721B738}"
EndProject
Project("{8BC9CEB8-8B4A-11D0-8D11-00A0C91BC942}") = "Tyuiu.Cours.cpp", "..\Tyuiu.Cours.cpp\Tyuiu.Cours.cpp.vcxproj", "{71667551-DC89-4E91-B409-EC47AE10CC12}"
EndProject
Project("{2150E333-8FDC-42A3-9474-1A3956D46DE8}") = "Tyuiu.Lib", "Tyuiu.Lib", "{D397F143-49A5-4819-B7FC-892D87D17913}"
EndProject
Project("{8BC9CEB8-8B4A-11D0-8D11-00A0C91BC942}") = "Tyuiu.VevurYA.Sprint0.Task5.V1-5", "Tyuiu.VevurYA.Sprint0.Task5.V1-5\Tyuiu.VevurYA.Sprint0.Task5.V1-5.vcxproj", "{6A569335-8F35-4180-A258-D0A75CE6B548}"
EndProject
Project("{8BC9CEB8-8B4A-11D0-8D11-00A0C91BC942}") = "Tyuiu.VevurYA.Sprint0.Task5.V1-5.Lib", "Tyuiu.VevurYA.Sprint0.Task5.V1-5.Lib\Tyuiu.VevurYA.Sprint0.Task5.V1-5.Lib.vcxproj", "{8FB6D73E-8AD5-4089-835D-EF5FAEF728CC}"
EndProject
Project("{8BC9CEB8-8B4A-11D0-8D11-00A0C91BC942}") = "Tyuiu.VevurYA.Sprint0.Task5.V1-5.Test", "Tyuiu.VevurYA.Sprint0.Task5.V1-5.Test\Tyuiu.VevurYA.Sprint0.Task5.V1-5.Test.vcxproj", "{9DF0A19B-52A0-4374-AB8D-BF232FC6422C}"
EndProject
Project("{8BC9CEB8-8B4A-11D0-8D11-00A0C91BC942}") = "Tyuiu.VevurYA.Sprint0.Task4.V1-5", "Tyuiu.VevurYA.Sprint0.Task4.V1-5\Tyuiu.VevurYA.Sprint0.Task4.V1-5.vcxproj", "{BE5D8B68-E15D-4C46-80B4-E78F34E818E2}"
EndProject
Project("{8BC9CEB8-8B4A-11D0-8D11-00A0C91BC942}") = "Tyuiu.VevurYA.Sprint0.Task4.V1-5.Lib", "Tyuiu.VevurYA.Sprint0.Task4.V1-5.Lib\Tyuiu.VevurYA.Sprint0.Task4.V1-5.Lib.vcxproj", "{4A31B560-CC3D-46E2-9DE1-5376C9951085}"
EndProject
Project("{8BC9CEB8-8B4A-11D0-8D11-00A0C91BC942}") = "Tyuiu.VevurYA.Sprint0.Task4.V1-5.Test", "Tyuiu.VevurYA.Sprint0.Task4.V1-5.Test\Tyuiu.VevurYA.Sprint0.Task4.V1-5.Test.vcxproj", "{3D0AFF40-1C1B-4BD5-B4B6-2557B5A9B864}"
EndProject
Project("{2150E333-8FDC-42A3-9474-1A3956D46DE8}") = "Task6", "Task6", "{4B8B31E5-AD08-4664-8F4E-D4D2432CFE85}"
EndProject
Project("{8BC9CEB8-8B4A-11D0-8D11-00A0C91BC942}") = "Tyuiu.VevurYA.Sprint0.Task6.V1-5", "Tyuiu.VevurYA.Sprint0.Task6.V1-5\Tyuiu.VevurYA.Sprint0.Task6.V1-5.vcxproj", "{ED3FF927-A21C-4DE4-84FF-CB587F1CEAB6}"
EndProject
Project("{8BC9CEB8-8B4A-11D0-8D11-00A0C91BC942}") = "Tyuiu.VevurYA.Sprint0.Task6.V1-5.Lib", "Tyuiu.VevurYA.Sprint0.Task6.V1-5.Lib\Tyuiu.VevurYA.Sprint0.Task6.V1-5.Lib.vcxproj", "{09E867CA-73FE-4027-B0B7-ED1347E79796}"
EndProject
Project("{8BC9CEB8-8B4A-11D0-8D11-00A0C91BC942}") = "Tyuiu.VevurYA.Sprint0.Task6.V1-5.Test", "Tyuiu.VevurYA.Sprint0.Task6.V1-5.Test\Tyuiu.VevurYA.Sprint0.Task6.V1-5.Test.vcxproj", "{71B8A2FA-AD8C-4C8A-8F94-C80BB93BB518}"
EndProject
Global
	GlobalSection(SolutionConfigurationPlatforms) = preSolution
		Debug|x64 = Debug|x64
		Debug|x86 = Debug|x86
		Release|x64 = Release|x64
		Release|x86 = Release|x86
	EndGlobalSection
	GlobalSection(ProjectConfigurationPlatforms) = postSolution
		{77266ECC-88FC-41E9-872B-B8E548EAC195}.Debug|x64.ActiveCfg = Debug|x64
		{77266ECC-88FC-41E9-872B-B8E548EAC195}.Debug|x64.Build.0 = Debug|x64
		{77266ECC-88FC-41E9-872B-B8E548EAC195}.Debug|x86.ActiveCfg = Debug|Win32
		{77266ECC-88FC-41E9-872B-B8E548EAC195}.Debug|x86.Build.0 = Debug|Win32
		{77266ECC-88FC-41E9-872B-B8E548EAC195}.Release|x64.ActiveCfg = Release|x64
		{77266ECC-88FC-41E9-872B-B8E548EAC195}.Release|x64.Build.0 = Release|x64
		{77266ECC-88FC-41E9-872B-B8E548EAC195}.Release|x86.ActiveCfg = Release|Win32
		{77266ECC-88FC-41E9-872B-B8E548EAC195}.Release|x86.Build.0 = Release|Win32
		{101C716C-656B-49BC-B80C-062F3D9099F3}.Debug|x64.ActiveCfg = Debug|x64
		{101C716C-656B-49BC-B80C-062F3D9099F3}.Debug|x64.Build.0 = Debug|x64
		{101C716C-656B-49BC-B80C-062F3D9099F3}.Debug|x86.ActiveCfg = Debug|Win32
		{101C716C-656B-49BC-B80C-062F3D9099F3}.Debug|x86.Build.0 = Debug|Win32
		{101C716C-656B-49BC-B80C-062F3D9099F3}.Release|x64.ActiveCfg = Release|x64
		{101C716C-656B-49BC-B80C-062F3D9099F3}.Release|x64.Build.0 = Release|x64
		{101C716C-656B-49BC-B80C-062F3D9099F3}.Release|x86.ActiveCfg = Release|Win32
		{101C716C-656B-49BC-B80C-062F3D9099F3}.Release|x86.Build.0 = Release|Win32
		{04AC3979-13E6-468B-8675-310421833B66}.Debug|x64.ActiveCfg = Debug|x64
		{04AC3979-13E6-468B-8675-310421833B66}.Debug|x64.Build.0 = Debug|x64
		{04AC3979-13E6-468B-8675-310421833B66}.Debug|x86.ActiveCfg = Debug|Win32
		{04AC3979-13E6-468B-8675-310421833B66}.Debug|x86.Build.0 = Debug|Win32
		{04AC3979-13E6-468B-8675-310421833B66}.Release|x64.ActiveCfg = Release|x64
		{04AC3979-13E6-468B-8675-310421833B66}.Release|x64.Build.0 = Release|x64
		{04AC3979-13E6-468B-8675-310421833B66}.Release|x86.ActiveCfg = Release|Win32
		{04AC3979-13E6-468B-8675-310421833B66}.Release|x86.Build.0 = Release|Win32
		{37D4B237-81AE-4854-8FA7-8658FC0B2B67}.Debug|x64.ActiveCfg = Debug|x64
		{37D4B237-81AE-4854-8FA7-8658FC0B2B67}.Debug|x64.Build.0 = Debug|x64
		{37D4B237-81AE-4854-8FA7-8658FC0B2B67}.Debug|x86.ActiveCfg = Debug|Win32
		{37D4B237-81AE-4854-8FA7-8658FC0B2B67}.Debug|x86.Build.0 = Debug|Win32
		{37D4B237-81AE-4854-8FA7-8658FC0B2B67}.Release|x64.ActiveCfg = Release|x64
		{37D4B237-81AE-4854-8FA7-8658FC0B2B67}.Release|x64.Build.0 = Release|x64
		{37D4B237-81AE-4854-8FA7-8658FC0B2B67}.Release|x86.ActiveCfg = Release|Win32
		{37D4B237-81AE-4854-8FA7-8658FC0B2B67}.Release|x86.Build.0 = Release|Win32
		{054EB985-BF68-48D1-A84C-AA3AFFDF1340}.Debug|x64.ActiveCfg = Debug|x64
		{054EB985-BF68-48D1-A84C-AA3AFFDF1340}.Debug|x64.Build.0 = Debug|x64
		{054EB985-BF68-48D1-A84C-AA3AFFDF1340}.Debug|x86.ActiveCfg = Debug|Win32
		{054EB985-BF68-48D1-A84C-AA3AFFDF1340}.Debug|x86.Build.0 = Debug|Win32
		{054EB985-BF68-48D1-A84C-AA3AFFDF1340}.Release|x64.ActiveCfg = Release|x64
		{054EB985-BF68-48D1-A84C-AA3AFFDF1340}.Release|x64.Build.0 = Release|x64
		{054EB985-BF68-48D1-A84C-AA3AFFDF1340}.Release|x86.ActiveCfg = Release|Win32
		{054EB985-BF68-48D1-A84C-AA3AFFDF1340}.Release|x86.Build.0 = Release|Win32
		{A4562F27-5B70-4BA5-9F62-FAF57286F02E}.Debug|x64.ActiveCfg = Debug|x64
		{A4562F27-5B70-4BA5-9F62-FAF57286F02E}.Debug|x64.Build.0 = Debug|x64
		{A4562F27-5B70-4BA5-9F62-FAF57286F02E}.Debug|x86.ActiveCfg = Debug|Win32
		{A4562F27-5B70-4BA5-9F62-FAF57286F02E}.Debug|x86.Build.0 = Debug|Win32
		{A4562F27-5B70-4BA5-9F62-FAF57286F02E}.Release|x64.ActiveCfg = Release|x64
		{A4562F27-5B70-4BA5-9F62-FAF57286F02E}.Release|x64.Build.0 = Release|x64
		{A4562F27-5B70-4BA5-9F62-FAF57286F02E}.Release|x86.ActiveCfg = Release|Win32
		{A4562F27-5B70-4BA5-9F62-FAF57286F02E}.Release|x86.Build.0 = Release|Win32
		{DD97033E-F870-47F3-BDA2-06F835BF7915}.Debug|x64.ActiveCfg = Debug|x64
		{DD97033E-F870-47F3-BDA2-06F835BF7915}.Debug|x64.Build.0 = Debug|x64
		{DD97033E-F870-47F3-BDA2-06F835BF7915}.Debug|x86.ActiveCfg = Debug|Win32
		{DD97033E-F870-47F3-BDA2-06F835BF7915}.Debug|x86.Build.0 = Debug|Win32
		{DD97033E-F870-47F3-BDA2-06F835BF7915}.Release|x64.ActiveCfg = Release|x64
		{DD97033E-F870-47F3-BDA2-06F835BF7915}.Release|x64.Build.0 = Release|x64
		{DD97033E-F870-47F3-BDA2-06F835BF7915}.Release|x86.ActiveCfg = Release|Win32
		{DD97033E-F870-47F3-BDA2-06F835BF7915}.Release|x86.Build.0 = Release|Win32
		{C8BE37A6-2591-4525-8DF5-039CBC553853}.Debug|x64.ActiveCfg = Debug|x64
		{C8BE37A6-2591-4525-8DF5-039CBC553853}.Debug|x64.Build.0 = Debug|x64
		{C8BE37A6-2591-4525-8DF5-039CBC553853}.Debug|x86.ActiveCfg = Debug|Win32
		{C8BE37A6-2591-4525-8DF5-039CBC553853}.Debug|x86.Build.0 = Debug|Win32
		{C8BE37A6-2591-4525-8DF5-039CBC553853}.Release|x64.ActiveCfg = Release|x64
		{C8BE37A6-2591-4525-8DF5-039CBC553853}.Release|x64.Build.0 = Release|x64
		{C8BE37A6-2591-4525-8DF5-039CBC553853}.Release|x86.ActiveCfg = Release|Win32
		{C8BE37A6-2591-4525-8DF5-039CBC553853}.Release|x86.Build.0 = Release|Win32
		{71667551-DC89-4E91-B409-EC47AE10CC12}.Debug|x64.ActiveCfg = Debug|x64
		{71667551-DC89-4E91-B409-EC47AE10CC12}.Debug|x64.Build.0 = Debug|x64
		{71667551-DC89-4E91-B409-EC47AE10CC12}.Debug|x86.ActiveCfg = Debug|Win32
		{71667551-DC89-4E91-B409-EC47AE10CC12}.Debug|x86.Build.0 = Debug|Win32
		{71667551-DC89-4E91-B409-EC47AE10CC12}.Release|x64.ActiveCfg = Release|x64
		{71667551-DC89-4E91-B409-EC47AE10CC12}.Release|x64.Build.0 = Release|x64
		{71667551-DC89-4E91-B409-EC47AE10CC12}.Release|x86.ActiveCfg = Release|Win32
		{71667551-DC89-4E91-B409-EC47AE10CC12}.Release|x86.Build.0 = Release|Win32
		{6A569335-8F35-4180-A258-D0A75CE6B548}.Debug|x64.ActiveCfg = Debug|x64
		{6A569335-8F35-4180-A258-D0A75CE6B548}.Debug|x64.Build.0 = Debug|x64
		{6A569335-8F35-4180-A258-D0A75CE6B548}.Debug|x86.ActiveCfg = Debug|Win32
		{6A569335-8F35-4180-A258-D0A75CE6B548}.Debug|x86.Build.0 = Debug|Win32
		{6A569335-8F35-4180-A258-D0A75CE6B548}.Release|x64.ActiveCfg = Release|x64
		{6A569335-8F35-4180-A258-D0A75CE6B548}.Release|x64.Build.0 = Release|x64
		{6A569335-8F35-4180-A258-D0A75CE6B548}.Release|x86.ActiveCfg = Release|Win32
		{6A569335-8F35-4180-A258-D0A75CE6B548}.Release|x86.Build.0 = Release|Win32
		{8FB6D73E-8AD5-4089-835D-EF5FAEF728CC}.Debug|x64.ActiveCfg = Debug|x64
		{8FB6D73E-8AD5-4089-835D-EF5FAEF728CC}.Debug|x64.Build.0 = Debug|x64
		{8FB6D73E-8AD5-4089-835D-EF5FAEF728CC}.Debug|x86.ActiveCfg = Debug|Win32
		{8FB6D73E-8AD5-4089-835D-EF5FAEF728CC}.Debug|x86.Build.0 = Debug|Win32
		{8FB6D73E-8AD5-4089-835D-EF5FAEF728CC}.Release|x64.ActiveCfg = Release|x64
		{8FB6D73E-8AD5-4089-835D-EF5FAEF728CC}.Release|x64.Build.0 = Release|x64
		{8FB6D73E-8AD5-4089-835D-EF5FAEF728CC}.Release|x86.ActiveCfg = Release|Win32
		{8FB6D73E-8AD5-4089-835D-EF5FAEF728CC}.Release|x86.Build.0 = Release|Win32
		{9DF0A19B-52A0-4374-AB8D-BF232FC6422C}.Debug|x64.ActiveCfg = Debug|x64
		{9DF0A19B-52A0-4374-AB8D-BF232FC6422C}.Debug|x64.Build.0 = Debug|x64
		{9DF0A19B-52A0-4374-AB8D-BF232FC6422C}.Debug|x86.ActiveCfg = Debug|Win32
		{9DF0A19B-52A0-4374-AB8D-BF232FC6422C}.Debug|x86.Build.0 = Debug|Win32
		{9DF0A19B-52A0-4374-AB8D-BF232FC6422C}.Release|x64.ActiveCfg = Release|x64
		{9DF0A19B-52A0-4374-AB8D-BF232FC6422C}.Release|x64.Build.0 = Release|x64
		{9DF0A19B-52A0-4374-AB8D-BF232FC6422C}.Release|x86.ActiveCfg = Release|Win32
		{9DF0A19B-52A0-4374-AB8D-BF232FC6422C}.Release|x86.Build.0 = Release|Win32
		{BE5D8B68-E15D-4C46-80B4-E78F34E818E2}.Debug|x64.ActiveCfg = Debug|x64
		{BE5D8B68-E15D-4C46-80B4-E78F34E818E2}.Debug|x64.Build.0 = Debug|x64
		{BE5D8B68-E15D-4C46-80B4-E78F34E818E2}.Debug|x86.ActiveCfg = Debug|Win32
		{BE5D8B68-E15D-4C46-80B4-E78F34E818E2}.Debug|x86.Build.0 = Debug|Win32
		{BE5D8B68-E15D-4C46-80B4-E78F34E818E2}.Release|x64.ActiveCfg = Release|x64
		{BE5D8B68-E15D-4C46-80B4-E78F34E818E2}.Release|x64.Build.0 = Release|x64
		{BE5D8B68-E15D-4C46-80B4-E78F34E818E2}.Release|x86.ActiveCfg = Release|Win32
		{BE5D8B68-E15D-4C46-80B4-E78F34E818E2}.Release|x86.Build.0 = Release|Win32
		{4A31B560-CC3D-46E2-9DE1-5376C9951085}.Debug|x64.ActiveCfg = Debug|x64
		{4A31B560-CC3D-46E2-9DE1-5376C9951085}.Debug|x64.Build.0 = Debug|x64
		{4A31B560-CC3D-46E2-9DE1-5376C9951085}.Debug|x86.ActiveCfg = Debug|Win32
		{4A31B560-CC3D-46E2-9DE1-5376C9951085}.Debug|x86.Build.0 = Debug|Win32
		{4A31B560-CC3D-46E2-9DE1-5376C9951085}.Release|x64.ActiveCfg = Release|x64
		{4A31B560-CC3D-46E2-9DE1-5376C9951085}.Release|x64.Build.0 = Release|x64
		{4A31B560-CC3D-46E2-9DE1-5376C9951085}.Release|x86.ActiveCfg = Release|Win32
		{4A31B560-CC3D-46E2-9DE1-5376C9951085}.Release|x86.Build.0 = Release|Win32
		{3D0AFF40-1C1B-4BD5-B4B6-2557B5A9B864}.Debug|x64.ActiveCfg = Debug|x64
		{3D0AFF40-1C1B-4BD5-B4B6-2557B5A9B864}.Debug|x64.Build.0 = Debug|x64
		{3D0AFF40-1C1B-4BD5-B4B6-2557B5A9B864}.Debug|x86.ActiveCfg = Debug|Win32
		{3D0AFF40-1C1B-4BD5-B4B6-2557B5A9B864}.Debug|x86.Build.0 = Debug|Win32
		{3D0AFF40-1C1B-4BD5-B4B6-2557B5A9B864}.Release|x64.ActiveCfg = Release|x64
		{3D0AFF40-1C1B-4BD5-B4B6-2557B5A9B864}.Release|x64.Build.0 = Release|x64
		{3D0AFF40-1C1B-4BD5-B4B6-2557B5A9B864}.Release|x86.ActiveCfg = Release|Win32
		{3D0AFF40-1C1B-4BD5-B4B6-2557B5A9B864}.Release|x86.Build.0 = Release|Win32
		{ED3FF927-A21C-4DE4-84FF-CB587F1CEAB6}.Debug|x64.ActiveCfg = Debug|x64
		{ED3FF927-A21C-4DE4-84FF-CB587F1CEAB6}.Debug|x64.Build.0 = Debug|x64
		{ED3FF927-A21C-4DE4-84FF-CB587F1CEAB6}.Debug|x86.ActiveCfg = Debug|Win32
		{ED3FF927-A21C-4DE4-84FF-CB587F1CEAB6}.Debug|x86.Build.0 = Debug|Win32
		{ED3FF927-A21C-4DE4-84FF-CB587F1CEAB6}.Release|x64.ActiveCfg = Release|x64
		{ED3FF927-A21C-4DE4-84FF-CB587F1CEAB6}.Release|x64.Build.0 = Release|x64
		{ED3FF927-A21C-4DE4-84FF-CB587F1CEAB6}.Release|x86.ActiveCfg = Release|Win32
		{ED3FF927-A21C-4DE4-84FF-CB587F1CEAB6}.Release|x86.Build.0 = Release|Win32
		{09E867CA-73FE-4027-B0B7-ED1347E79796}.Debug|x64.ActiveCfg = Debug|x64
		{09E867CA-73FE-4027-B0B7-ED1347E79796}.Debug|x64.Build.0 = Debug|x64
		{09E867CA-73FE-4027-B0B7-ED1347E79796}.Debug|x86.ActiveCfg = Debug|Win32
		{09E867CA-73FE-4027-B0B7-ED1347E79796}.Debug|x86.Build.0 = Debug|Win32
		{09E867CA-73FE-4027-B0B7-ED1347E79796}.Release|x64.ActiveCfg = Release|x64
		{09E867CA-73FE-4027-B0B7-ED1347E79796}.Release|x64.Build.0 = Release|x64
		{09E867CA-73FE-4027-B0B7-ED1347E79796}.Release|x86.ActiveCfg = Release|Win32
		{09E867CA-73FE-4027-B0B7-ED1347E79796}.Release|x86.Build.0 = Release|Win32
		{71B8A2FA-AD8C-4C8A-8F94-C80BB93BB518}.Debug|x64.ActiveCfg = Debug|x64
		{71B8A2FA-AD8C-4C8A-8F94-C80BB93BB518}.Debug|x64.Build.0 = Debug|x64
		{71B8A2FA-AD8C-4C8A-8F94-C80BB93BB518}.Debug|x86.ActiveCfg = Debug|Win32
		{71B8A2FA-AD8C-4C8A-8F94-C80BB93BB518}.Debug|x86.Build.0 = Debug|Win32
		{71B8A2FA-AD8C-4C8A-8F94-C80BB93BB518}.Release|x64.ActiveCfg = Release|x64
		{71B8A2FA-AD8C-4C8A-8F94-C80BB93BB518}.Release|x64.Build.0 = Release|x64
		{71B8A2FA-AD8C-4C8A-8F94-C80BB93BB518}.Release|x86.ActiveCfg = Release|Win32
		{71B8A2FA-AD8C-4C8A-8F94-C80BB93BB518}.Release|x86.Build.0 = Release|Win32
	EndGlobalSection
	GlobalSection(SolutionProperties) = preSolution
		HideSolutionNode = FALSE
	EndGlobalSection
	GlobalSection(NestedProjects) = preSolution
		{77266ECC-88FC-41E9-872B-B8E548EAC195} = {1C108801-FB09-43DA-A3A9-6D523DAA65CF}
		{101C716C-656B-49BC-B80C-062F3D9099F3} = {FBA1C44E-1D4B-4528-AEB0-01D9CA3796D5}
		{04AC3979-13E6-468B-8675-310421833B66} = {FBA1C44E-1D4B-4528-AEB0-01D9CA3796D5}
		{37D4B237-81AE-4854-8FA7-8658FC0B2B67} = {FBA1C44E-1D4B-4528-AEB0-01D9CA3796D5}
		{054EB985-BF68-48D1-A84C-AA3AFFDF1340} = {15BE2C6C-D619-4B2C-B1D7-2FCF969A0365}
		{A4562F27-5B70-4BA5-9F62-FAF57286F02E} = {15BE2C6C-D619-4B2C-B1D7-2FCF969A0365}
		{DD97033E-F870-47F3-BDA2-06F835BF7915} = {15BE2C6C-D619-4B2C-B1D7-2FCF969A0365}
		{C8BE37A6-2591-4525-8DF5-039CBC553853} = {27432282-9D2E-4519-9DD7-DD5F1B25CFE1}
		{71667551-DC89-4E91-B409-EC47AE10CC12} = {D397F143-49A5-4819-B7FC-892D87D17913}
		{6A569335-8F35-4180-A258-D0A75CE6B548} = {426445FC-B098-4BBA-8909-5FBAA721B738}
		{8FB6D73E-8AD5-4089-835D-EF5FAEF728CC} = {426445FC-B098-4BBA-8909-5FBAA721B738}
		{9DF0A19B-52A0-4374-AB8D-BF232FC6422C} = {426445FC-B098-4BBA-8909-5FBAA721B738}
		{BE5D8B68-E15D-4C46-80B4-E78F34E818E2} = {75B5A80B-C13E-4824-8DCA-E0C2B33BAF4B}
		{4A31B560-CC3D-46E2-9DE1-5376C9951085} = {75B5A80B-C13E-4824-8DCA-E0C2B33BAF4B}
		{3D0AFF40-1C1B-4BD5-B4B6-2557B5A9B864} = {75B5A80B-C13E-4824-8DCA-E0C2B33BAF4B}
		{ED3FF927-A21C-4DE4-84FF-CB587F1CEAB6} = {4B8B31E5-AD08-4664-8F4E-D4D2432CFE85}
		{09E867CA-73FE-4027-B0B7-ED1347E79796} = {4B8B31E5-AD08-4664-8F4E-D4D2432CFE85}
		{71B8A2FA-AD8C-4C8A-8F94-C80BB93BB518} = {4B8B31E5-AD08-4664-8F4E-D4D2432CFE85}
	EndGlobalSection
	GlobalSection(ExtensibilityGlobals) = postSolution
		SolutionGuid = {2A088B6C-D53C-4A06-98C5-0B161E2CF27B}
	EndGlobalSection
EndGlobal
